
Microsoft Visual Studio Solution File, Format Version 12.00
# Visual Studio Version 17
VisualStudioVersion = 17.8.34408.163
MinimumVisualStudioVersion = 10.0.40219.1
Project("{FAE04EC0-301F-11D3-BF4B-00C04F79EFBC}") = "SFA_TEST", "SFA_TEST.csproj", "{11E3584A-3771-4B20-A41C-8F18A928D846}"
EndProject
Global
	GlobalSection(SolutionConfigurationPlatforms) = preSolution
		Debug|Any CPU = Debug|Any CPU
		Release|Any CPU = Release|Any CPU
	EndGlobalSection
	GlobalSection(ProjectConfigurationPlatforms) = postSolution
		{11E3584A-3771-4B20-A41C-8F18A928D846}.Debug|Any CPU.ActiveCfg = Debug|Any CPU
		{11E3584A-3771-4B20-A41C-8F18A928D846}.Debug|Any CPU.Build.0 = Debug|Any CPU
		{11E3584A-3771-4B20-A41C-8F18A928D846}.Release|Any CPU.ActiveCfg = Release|Any CPU
		{11E3584A-3771-4B20-A41C-8F18A928D846}.Release|Any CPU.Build.0 = Release|Any CPU
	EndGlobalSection
	GlobalSection(SolutionProperties) = preSolution
		HideSolutionNode = FALSE
	EndGlobalSection
	GlobalSection(ExtensibilityGlobals) = postSolution
		SolutionGuid = {0B7BB345-FDA0-4058-9F27-BEEA64E8034D}
	EndGlobalSection
EndGlobal
